
Microsoft Visual Studio Solution File, Format Version 12.00
# Visual Studio Version 16
VisualStudioVersion = 16.0.36324.18
MinimumVisualStudioVersion = 10.0.40219.1
Project("{F184B08F-C81C-45F6-A57F-5ABD9991F28F}") = "transportadora", "transportadora\transportadora.vbproj", "{0DEA80F6-5212-4BB5-898E-A2CE2265EE4C}"
EndProject
Global
	GlobalSection(SolutionConfigurationPlatforms) = preSolution
		Debug|Any CPU = Debug|Any CPU
		Release|Any CPU = Release|Any CPU
	EndGlobalSection
	GlobalSection(ProjectConfigurationPlatforms) = postSolution
		{0DEA80F6-5212-4BB5-898E-A2CE2265EE4C}.Debug|Any CPU.ActiveCfg = Debug|Any CPU
		{0DEA80F6-5212-4BB5-898E-A2CE2265EE4C}.Debug|Any CPU.Build.0 = Debug|Any CPU
		{0DEA80F6-5212-4BB5-898E-A2CE2265EE4C}.Release|Any CPU.ActiveCfg = Release|Any CPU
		{0DEA80F6-5212-4BB5-898E-A2CE2265EE4C}.Release|Any CPU.Build.0 = Release|Any CPU
	EndGlobalSection
	GlobalSection(SolutionProperties) = preSolution
		HideSolutionNode = FALSE
	EndGlobalSection
	GlobalSection(ExtensibilityGlobals) = postSolution
		SolutionGuid = {54B45E9E-3D63-421E-AA45-7D1C419CF681}
	EndGlobalSection
EndGlobal
